
Microsoft Visual Studio Solution File, Format Version 12.00
# Visual Studio 15
VisualStudioVersion = 15.0.28010.2041
MinimumVisualStudioVersion = 10.0.40219.1
Project("{FAE04EC0-301F-11D3-BF4B-00C04F79EFBC}") = "DNT-VPN-JSONRPC2-CS-ORIGIN", "DNT-VPN-JSONRPC2-CS-ORIGIN\DNT-VPN-JSONRPC2-CS-ORIGIN.csproj", "{B25BFCE9-4776-4EC3-8175-1FAB216B6A49}"
EndProject
Global
	GlobalSection(SolutionConfigurationPlatforms) = preSolution
		Debug|Any CPU = Debug|Any CPU
		Release|Any CPU = Release|Any CPU
	EndGlobalSection
	GlobalSection(ProjectConfigurationPlatforms) = postSolution
		{B25BFCE9-4776-4EC3-8175-1FAB216B6A49}.Debug|Any CPU.ActiveCfg = Debug|Any CPU
		{B25BFCE9-4776-4EC3-8175-1FAB216B6A49}.Debug|Any CPU.Build.0 = Debug|Any CPU
		{B25BFCE9-4776-4EC3-8175-1FAB216B6A49}.Release|Any CPU.ActiveCfg = Release|Any CPU
		{B25BFCE9-4776-4EC3-8175-1FAB216B6A49}.Release|Any CPU.Build.0 = Release|Any CPU
	EndGlobalSection
	GlobalSection(SolutionProperties) = preSolution
		HideSolutionNode = FALSE
	EndGlobalSection
	GlobalSection(ExtensibilityGlobals) = postSolution
		SolutionGuid = {43C56BA2-B8F3-4B4C-9756-EC9474BC5159}
	EndGlobalSection
EndGlobal
